
Microsoft Visual Studio Solution File, Format Version 12.00
# Visual Studio Version 16
VisualStudioVersion = 16.0.31424.327
MinimumVisualStudioVersion = 10.0.40219.1
Project("{FAE04EC0-301F-11D3-BF4B-00C04F79EFBC}") = "DatePickerBehavior", "DatePickerBehavior\DatePickerBehavior.csproj", "{82BE8575-CDAB-49B6-B26A-578F0D395BCE}"
EndProject
Global
	GlobalSection(SolutionConfigurationPlatforms) = preSolution
		Debug|Any CPU = Debug|Any CPU
		Release|Any CPU = Release|Any CPU
	EndGlobalSection
	GlobalSection(ProjectConfigurationPlatforms) = postSolution
		{82BE8575-CDAB-49B6-B26A-578F0D395BCE}.Debug|Any CPU.ActiveCfg = Debug|Any CPU
		{82BE8575-CDAB-49B6-B26A-578F0D395BCE}.Debug|Any CPU.Build.0 = Debug|Any CPU
		{82BE8575-CDAB-49B6-B26A-578F0D395BCE}.Release|Any CPU.ActiveCfg = Release|Any CPU
		{82BE8575-CDAB-49B6-B26A-578F0D395BCE}.Release|Any CPU.Build.0 = Release|Any CPU
	EndGlobalSection
	GlobalSection(SolutionProperties) = preSolution
		HideSolutionNode = FALSE
	EndGlobalSection
	GlobalSection(ExtensibilityGlobals) = postSolution
		SolutionGuid = {88047351-37CE-444C-B87A-6B096958BF3B}
	EndGlobalSection
EndGlobal
